
Microsoft Visual Studio Solution File, Format Version 12.00
# Visual Studio 15
VisualStudioVersion = 15.0.28307.1433
MinimumVisualStudioVersion = 10.0.40219.1
Project("{FAE04EC0-301F-11D3-BF4B-00C04F79EFBC}") = "StoreAssociationWizard", "StoreAssociationWizard\StoreAssociationWizard.csproj", "{C61F7243-AF11-4C19-B501-15B9F07F90F0}"
EndProject
Global
	GlobalSection(SolutionConfigurationPlatforms) = preSolution
		Debug|Any CPU = Debug|Any CPU
		Release|Any CPU = Release|Any CPU
	EndGlobalSection
	GlobalSection(ProjectConfigurationPlatforms) = postSolution
		{C61F7243-AF11-4C19-B501-15B9F07F90F0}.Debug|Any CPU.ActiveCfg = Debug|Any CPU
		{C61F7243-AF11-4C19-B501-15B9F07F90F0}.Debug|Any CPU.Build.0 = Debug|Any CPU
		{C61F7243-AF11-4C19-B501-15B9F07F90F0}.Release|Any CPU.ActiveCfg = Release|Any CPU
		{C61F7243-AF11-4C19-B501-15B9F07F90F0}.Release|Any CPU.Build.0 = Release|Any CPU
	EndGlobalSection
	GlobalSection(SolutionProperties) = preSolution
		HideSolutionNode = FALSE
	EndGlobalSection
	GlobalSection(ExtensibilityGlobals) = postSolution
		SolutionGuid = {98E3379C-348C-4430-B31C-2D46BFA4652A}
	EndGlobalSection
EndGlobal
