
Microsoft Visual Studio Solution File, Format Version 12.00
# Visual Studio Version 16
VisualStudioVersion = 16.0.30011.22
MinimumVisualStudioVersion = 10.0.40219.1
Project("{FAE04EC0-301F-11D3-BF4B-00C04F79EFBC}") = "ManifestEditor", "ManifestEditor\ManifestEditor.csproj", "{AD3C4466-7913-4FFF-ADF7-4F7C92D1879D}"
EndProject
Global
	GlobalSection(SolutionConfigurationPlatforms) = preSolution
		Debug|Any CPU = Debug|Any CPU
		Release|Any CPU = Release|Any CPU
	EndGlobalSection
	GlobalSection(ProjectConfigurationPlatforms) = postSolution
		{AD3C4466-7913-4FFF-ADF7-4F7C92D1879D}.Debug|Any CPU.ActiveCfg = Debug|Any CPU
		{AD3C4466-7913-4FFF-ADF7-4F7C92D1879D}.Debug|Any CPU.Build.0 = Debug|Any CPU
		{AD3C4466-7913-4FFF-ADF7-4F7C92D1879D}.Release|Any CPU.ActiveCfg = Release|Any CPU
		{AD3C4466-7913-4FFF-ADF7-4F7C92D1879D}.Release|Any CPU.Build.0 = Release|Any CPU
	EndGlobalSection
	GlobalSection(SolutionProperties) = preSolution
		HideSolutionNode = FALSE
	EndGlobalSection
	GlobalSection(ExtensibilityGlobals) = postSolution
		SolutionGuid = {5B0EA5BB-9769-418B-974D-3C689013A73F}
	EndGlobalSection
EndGlobal
